
Microsoft Visual Studio Solution File, Format Version 12.00
# Visual Studio 15
VisualStudioVersion = 15.0.28010.2048
MinimumVisualStudioVersion = 10.0.40219.1
Project("{FAE04EC0-301F-11D3-BF4B-00C04F79EFBC}") = "Sales.Android", "Sales\Sales.Android\Sales.Android.csproj", "{9CF638A4-1281-4049-B10C-CAE67758424F}"
EndProject
Project("{FAE04EC0-301F-11D3-BF4B-00C04F79EFBC}") = "Sales.iOS", "Sales\Sales.iOS\Sales.iOS.csproj", "{C9DA2A28-9EFA-49E2-82F4-0CE675725859}"
EndProject
Project("{9A19103F-16F7-4668-BE54-9A1E7A4F7556}") = "Sales", "Sales\Sales\Sales.csproj", "{3355A690-2517-4E57-A537-D01210735013}"
EndProject
Project("{FAE04EC0-301F-11D3-BF4B-00C04F79EFBC}") = "Sales.Backend", "Sales.Backend\Sales.Backend.csproj", "{587BE825-E650-4883-8D79-9006466D0B92}"
EndProject
Project("{FAE04EC0-301F-11D3-BF4B-00C04F79EFBC}") = "Sales.API", "Sales.API\Sales.API.csproj", "{F8754E56-2E20-45A6-9595-06884C20F269}"
EndProject
Project("{FAE04EC0-301F-11D3-BF4B-00C04F79EFBC}") = "Sales.Domain", "Sales.Domain\Sales.Domain.csproj", "{1D777B9C-7608-42F5-AA9B-500383C65A7F}"
EndProject
Project("{FAE04EC0-301F-11D3-BF4B-00C04F79EFBC}") = "Sales.Common", "Sales.Common\Sales.Common.csproj", "{BBA4379A-9AB4-47E2-A14E-19EC61CDEEE2}"
EndProject
Global
	GlobalSection(SolutionConfigurationPlatforms) = preSolution
		Ad-Hoc|Any CPU = Ad-Hoc|Any CPU
		Ad-Hoc|iPhone = Ad-Hoc|iPhone
		Ad-Hoc|iPhoneSimulator = Ad-Hoc|iPhoneSimulator
		AppStore|Any CPU = AppStore|Any CPU
		AppStore|iPhone = AppStore|iPhone
		AppStore|iPhoneSimulator = AppStore|iPhoneSimulator
		Debug|Any CPU = Debug|Any CPU
		Debug|iPhone = Debug|iPhone
		Debug|iPhoneSimulator = Debug|iPhoneSimulator
		Release|Any CPU = Release|Any CPU
		Release|iPhone = Release|iPhone
		Release|iPhoneSimulator = Release|iPhoneSimulator
	EndGlobalSection
	GlobalSection(ProjectConfigurationPlatforms) = postSolution
		{9CF638A4-1281-4049-B10C-CAE67758424F}.Ad-Hoc|Any CPU.ActiveCfg = Release|Any CPU
		{9CF638A4-1281-4049-B10C-CAE67758424F}.Ad-Hoc|Any CPU.Build.0 = Release|Any CPU
		{9CF638A4-1281-4049-B10C-CAE67758424F}.Ad-Hoc|Any CPU.Deploy.0 = Release|Any CPU
		{9CF638A4-1281-4049-B10C-CAE67758424F}.Ad-Hoc|iPhone.ActiveCfg = Release|Any CPU
		{9CF638A4-1281-4049-B10C-CAE67758424F}.Ad-Hoc|iPhone.Build.0 = Release|Any CPU
		{9CF638A4-1281-4049-B10C-CAE67758424F}.Ad-Hoc|iPhone.Deploy.0 = Release|Any CPU
		{9CF638A4-1281-4049-B10C-CAE67758424F}.Ad-Hoc|iPhoneSimulator.ActiveCfg = Release|Any CPU
		{9CF638A4-1281-4049-B10C-CAE67758424F}.Ad-Hoc|iPhoneSimulator.Build.0 = Release|Any CPU
		{9CF638A4-1281-4049-B10C-CAE67758424F}.Ad-Hoc|iPhoneSimulator.Deploy.0 = Release|Any CPU
		{9CF638A4-1281-4049-B10C-CAE67758424F}.AppStore|Any CPU.ActiveCfg = Release|Any CPU
		{9CF638A4-1281-4049-B10C-CAE67758424F}.AppStore|Any CPU.Build.0 = Release|Any CPU
		{9CF638A4-1281-4049-B10C-CAE67758424F}.AppStore|Any CPU.Deploy.0 = Release|Any CPU
		{9CF638A4-1281-4049-B10C-CAE67758424F}.AppStore|iPhone.ActiveCfg = Release|Any CPU
		{9CF638A4-1281-4049-B10C-CAE67758424F}.AppStore|iPhone.Build.0 = Release|Any CPU
		{9CF638A4-1281-4049-B10C-CAE67758424F}.AppStore|iPhone.Deploy.0 = Release|Any CPU
		{9CF638A4-1281-4049-B10C-CAE67758424F}.AppStore|iPhoneSimulator.ActiveCfg = Release|Any CPU
		{9CF638A4-1281-4049-B10C-CAE67758424F}.AppStore|iPhoneSimulator.Build.0 = Release|Any CPU
		{9CF638A4-1281-4049-B10C-CAE67758424F}.AppStore|iPhoneSimulator.Deploy.0 = Release|Any CPU
		{9CF638A4-1281-4049-B10C-CAE67758424F}.Debug|Any CPU.ActiveCfg = Debug|Any CPU
		{9CF638A4-1281-4049-B10C-CAE67758424F}.Debug|Any CPU.Build.0 = Debug|Any CPU
		{9CF638A4-1281-4049-B10C-CAE67758424F}.Debug|Any CPU.Deploy.0 = Debug|Any CPU
		{9CF638A4-1281-4049-B10C-CAE67758424F}.Debug|iPhone.ActiveCfg = Debug|Any CPU
		{9CF638A4-1281-4049-B10C-CAE67758424F}.Debug|iPhone.Build.0 = Debug|Any CPU
		{9CF638A4-1281-4049-B10C-CAE67758424F}.Debug|iPhone.Deploy.0 = Debug|Any CPU
		{9CF638A4-1281-4049-B10C-CAE67758424F}.Debug|iPhoneSimulator.ActiveCfg = Debug|Any CPU
		{9CF638A4-1281-4049-B10C-CAE67758424F}.Debug|iPhoneSimulator.Build.0 = Debug|Any CPU
		{9CF638A4-1281-4049-B10C-CAE67758424F}.Debug|iPhoneSimulator.Deploy.0 = Debug|Any CPU
		{9CF638A4-1281-4049-B10C-CAE67758424F}.Release|Any CPU.ActiveCfg = Release|Any CPU
		{9CF638A4-1281-4049-B10C-CAE67758424F}.Release|Any CPU.Build.0 = Release|Any CPU
		{9CF638A4-1281-4049-B10C-CAE67758424F}.Release|Any CPU.Deploy.0 = Release|Any CPU
		{9CF638A4-1281-4049-B10C-CAE67758424F}.Release|iPhone.ActiveCfg = Release|Any CPU
		{9CF638A4-1281-4049-B10C-CAE67758424F}.Release|iPhone.Build.0 = Release|Any CPU
		{9CF638A4-1281-4049-B10C-CAE67758424F}.Release|iPhone.Deploy.0 = Release|Any CPU
		{9CF638A4-1281-4049-B10C-CAE67758424F}.Release|iPhoneSimulator.ActiveCfg = Release|Any CPU
		{9CF638A4-1281-4049-B10C-CAE67758424F}.Release|iPhoneSimulator.Build.0 = Release|Any CPU
		{9CF638A4-1281-4049-B10C-CAE67758424F}.Release|iPhoneSimulator.Deploy.0 = Release|Any CPU
		{C9DA2A28-9EFA-49E2-82F4-0CE675725859}.Ad-Hoc|Any CPU.ActiveCfg = Ad-Hoc|iPhone
		{C9DA2A28-9EFA-49E2-82F4-0CE675725859}.Ad-Hoc|Any CPU.Build.0 = Ad-Hoc|iPhone
		{C9DA2A28-9EFA-49E2-82F4-0CE675725859}.Ad-Hoc|Any CPU.Deploy.0 = Ad-Hoc|iPhone
		{C9DA2A28-9EFA-49E2-82F4-0CE675725859}.Ad-Hoc|iPhone.ActiveCfg = Ad-Hoc|iPhone
		{C9DA2A28-9EFA-49E2-82F4-0CE675725859}.Ad-Hoc|iPhone.Build.0 = Ad-Hoc|iPhone
		{C9DA2A28-9EFA-49E2-82F4-0CE675725859}.Ad-Hoc|iPhone.Deploy.0 = Ad-Hoc|iPhone
		{C9DA2A28-9EFA-49E2-82F4-0CE675725859}.Ad-Hoc|iPhoneSimulator.ActiveCfg = Ad-Hoc|iPhoneSimulator
		{C9DA2A28-9EFA-49E2-82F4-0CE675725859}.Ad-Hoc|iPhoneSimulator.Build.0 = Ad-Hoc|iPhoneSimulator
		{C9DA2A28-9EFA-49E2-82F4-0CE675725859}.Ad-Hoc|iPhoneSimulator.Deploy.0 = Ad-Hoc|iPhoneSimulator
		{C9DA2A28-9EFA-49E2-82F4-0CE675725859}.AppStore|Any CPU.ActiveCfg = AppStore|iPhone
		{C9DA2A28-9EFA-49E2-82F4-0CE675725859}.AppStore|Any CPU.Build.0 = AppStore|iPhone
		{C9DA2A28-9EFA-49E2-82F4-0CE675725859}.AppStore|Any CPU.Deploy.0 = AppStore|iPhone
		{C9DA2A28-9EFA-49E2-82F4-0CE675725859}.AppStore|iPhone.ActiveCfg = AppStore|iPhone
		{C9DA2A28-9EFA-49E2-82F4-0CE675725859}.AppStore|iPhone.Build.0 = AppStore|iPhone
		{C9DA2A28-9EFA-49E2-82F4-0CE675725859}.AppStore|iPhone.Deploy.0 = AppStore|iPhone
		{C9DA2A28-9EFA-49E2-82F4-0CE675725859}.AppStore|iPhoneSimulator.ActiveCfg = AppStore|iPhoneSimulator
		{C9DA2A28-9EFA-49E2-82F4-0CE675725859}.AppStore|iPhoneSimulator.Build.0 = AppStore|iPhoneSimulator
		{C9DA2A28-9EFA-49E2-82F4-0CE675725859}.AppStore|iPhoneSimulator.Deploy.0 = AppStore|iPhoneSimulator
		{C9DA2A28-9EFA-49E2-82F4-0CE675725859}.Debug|Any CPU.ActiveCfg = Debug|iPhoneSimulator
		{C9DA2A28-9EFA-49E2-82F4-0CE675725859}.Debug|Any CPU.Build.0 = Debug|iPhoneSimulator
		{C9DA2A28-9EFA-49E2-82F4-0CE675725859}.Debug|Any CPU.Deploy.0 = Debug|iPhoneSimulator
		{C9DA2A28-9EFA-49E2-82F4-0CE675725859}.Debug|iPhone.ActiveCfg = Debug|iPhone
		{C9DA2A28-9EFA-49E2-82F4-0CE675725859}.Debug|iPhone.Build.0 = Debug|iPhone
		{C9DA2A28-9EFA-49E2-82F4-0CE675725859}.Debug|iPhone.Deploy.0 = Debug|iPhone
		{C9DA2A28-9EFA-49E2-82F4-0CE675725859}.Debug|iPhoneSimulator.ActiveCfg = Debug|iPhoneSimulator
		{C9DA2A28-9EFA-49E2-82F4-0CE675725859}.Debug|iPhoneSimulator.Build.0 = Debug|iPhoneSimulator
		{C9DA2A28-9EFA-49E2-82F4-0CE675725859}.Debug|iPhoneSimulator.Deploy.0 = Debug|iPhoneSimulator
		{C9DA2A28-9EFA-49E2-82F4-0CE675725859}.Release|Any CPU.ActiveCfg = Release|iPhone
		{C9DA2A28-9EFA-49E2-82F4-0CE675725859}.Release|Any CPU.Build.0 = Release|iPhone
		{C9DA2A28-9EFA-49E2-82F4-0CE675725859}.Release|Any CPU.Deploy.0 = Release|iPhone
		{C9DA2A28-9EFA-49E2-82F4-0CE675725859}.Release|iPhone.ActiveCfg = Release|iPhone
		{C9DA2A28-9EFA-49E2-82F4-0CE675725859}.Release|iPhone.Build.0 = Release|iPhone
		{C9DA2A28-9EFA-49E2-82F4-0CE675725859}.Release|iPhone.Deploy.0 = Release|iPhone
		{C9DA2A28-9EFA-49E2-82F4-0CE675725859}.Release|iPhoneSimulator.ActiveCfg = Release|iPhoneSimulator
		{C9DA2A28-9EFA-49E2-82F4-0CE675725859}.Release|iPhoneSimulator.Build.0 = Release|iPhoneSimulator
		{C9DA2A28-9EFA-49E2-82F4-0CE675725859}.Release|iPhoneSimulator.Deploy.0 = Release|iPhoneSimulator
		{3355A690-2517-4E57-A537-D01210735013}.Ad-Hoc|Any CPU.ActiveCfg = Debug|Any CPU
		{3355A690-2517-4E57-A537-D01210735013}.Ad-Hoc|Any CPU.Build.0 = Debug|Any CPU
		{3355A690-2517-4E57-A537-D01210735013}.Ad-Hoc|Any CPU.Deploy.0 = Debug|Any CPU
		{3355A690-2517-4E57-A537-D01210735013}.Ad-Hoc|iPhone.ActiveCfg = Debug|Any CPU
		{3355A690-2517-4E57-A537-D01210735013}.Ad-Hoc|iPhone.Build.0 = Debug|Any CPU
		{3355A690-2517-4E57-A537-D01210735013}.Ad-Hoc|iPhone.Deploy.0 = Debug|Any CPU
		{3355A690-2517-4E57-A537-D01210735013}.Ad-Hoc|iPhoneSimulator.ActiveCfg = Debug|Any CPU
		{3355A690-2517-4E57-A537-D01210735013}.Ad-Hoc|iPhoneSimulator.Build.0 = Debug|Any CPU
		{3355A690-2517-4E57-A537-D01210735013}.Ad-Hoc|iPhoneSimulator.Deploy.0 = Debug|Any CPU
		{3355A690-2517-4E57-A537-D01210735013}.AppStore|Any CPU.ActiveCfg = Debug|Any CPU
		{3355A690-2517-4E57-A537-D01210735013}.AppStore|Any CPU.Build.0 = Debug|Any CPU
		{3355A690-2517-4E57-A537-D01210735013}.AppStore|Any CPU.Deploy.0 = Debug|Any CPU
		{3355A690-2517-4E57-A537-D01210735013}.AppStore|iPhone.ActiveCfg = Debug|Any CPU
		{3355A690-2517-4E57-A537-D01210735013}.AppStore|iPhone.Build.0 = Debug|Any CPU
		{3355A690-2517-4E57-A537-D01210735013}.AppStore|iPhone.Deploy.0 = Debug|Any CPU
		{3355A690-2517-4E57-A537-D01210735013}.AppStore|iPhoneSimulator.ActiveCfg = Debug|Any CPU
		{3355A690-2517-4E57-A537-D01210735013}.AppStore|iPhoneSimulator.Build.0 = Debug|Any CPU
		{3355A690-2517-4E57-A537-D01210735013}.AppStore|iPhoneSimulator.Deploy.0 = Debug|Any CPU
		{3355A690-2517-4E57-A537-D01210735013}.Debug|Any CPU.ActiveCfg = Debug|Any CPU
		{3355A690-2517-4E57-A537-D01210735013}.Debug|Any CPU.Build.0 = Debug|Any CPU
		{3355A690-2517-4E57-A537-D01210735013}.Debug|Any CPU.Deploy.0 = Debug|Any CPU
		{3355A690-2517-4E57-A537-D01210735013}.Debug|iPhone.ActiveCfg = Debug|Any CPU
		{3355A690-2517-4E57-A537-D01210735013}.Debug|iPhone.Build.0 = Debug|Any CPU
		{3355A690-2517-4E57-A537-D01210735013}.Debug|iPhone.Deploy.0 = Debug|Any CPU
		{3355A690-2517-4E57-A537-D01210735013}.Debug|iPhoneSimulator.ActiveCfg = Debug|Any CPU
		{3355A690-2517-4E57-A537-D01210735013}.Debug|iPhoneSimulator.Build.0 = Debug|Any CPU
		{3355A690-2517-4E57-A537-D01210735013}.Debug|iPhoneSimulator.Deploy.0 = Debug|Any CPU
		{3355A690-2517-4E57-A537-D01210735013}.Release|Any CPU.ActiveCfg = Release|Any CPU
		{3355A690-2517-4E57-A537-D01210735013}.Release|Any CPU.Build.0 = Release|Any CPU
		{3355A690-2517-4E57-A537-D01210735013}.Release|Any CPU.Deploy.0 = Release|Any CPU
		{3355A690-2517-4E57-A537-D01210735013}.Release|iPhone.ActiveCfg = Release|Any CPU
		{3355A690-2517-4E57-A537-D01210735013}.Release|iPhone.Build.0 = Release|Any CPU
		{3355A690-2517-4E57-A537-D01210735013}.Release|iPhone.Deploy.0 = Release|Any CPU
		{3355A690-2517-4E57-A537-D01210735013}.Release|iPhoneSimulator.ActiveCfg = Release|Any CPU
		{3355A690-2517-4E57-A537-D01210735013}.Release|iPhoneSimulator.Build.0 = Release|Any CPU
		{3355A690-2517-4E57-A537-D01210735013}.Release|iPhoneSimulator.Deploy.0 = Release|Any CPU
		{587BE825-E650-4883-8D79-9006466D0B92}.Ad-Hoc|Any CPU.ActiveCfg = Release|Any CPU
		{587BE825-E650-4883-8D79-9006466D0B92}.Ad-Hoc|Any CPU.Build.0 = Release|Any CPU
		{587BE825-E650-4883-8D79-9006466D0B92}.Ad-Hoc|iPhone.ActiveCfg = Release|Any CPU
		{587BE825-E650-4883-8D79-9006466D0B92}.Ad-Hoc|iPhone.Build.0 = Release|Any CPU
		{587BE825-E650-4883-8D79-9006466D0B92}.Ad-Hoc|iPhoneSimulator.ActiveCfg = Release|Any CPU
		{587BE825-E650-4883-8D79-9006466D0B92}.Ad-Hoc|iPhoneSimulator.Build.0 = Release|Any CPU
		{587BE825-E650-4883-8D79-9006466D0B92}.AppStore|Any CPU.ActiveCfg = Release|Any CPU
		{587BE825-E650-4883-8D79-9006466D0B92}.AppStore|Any CPU.Build.0 = Release|Any CPU
		{587BE825-E650-4883-8D79-9006466D0B92}.AppStore|iPhone.ActiveCfg = Release|Any CPU
		{587BE825-E650-4883-8D79-9006466D0B92}.AppStore|iPhone.Build.0 = Release|Any CPU
		{587BE825-E650-4883-8D79-9006466D0B92}.AppStore|iPhoneSimulator.ActiveCfg = Release|Any CPU
		{587BE825-E650-4883-8D79-9006466D0B92}.AppStore|iPhoneSimulator.Build.0 = Release|Any CPU
		{587BE825-E650-4883-8D79-9006466D0B92}.Debug|Any CPU.ActiveCfg = Debug|Any CPU
		{587BE825-E650-4883-8D79-9006466D0B92}.Debug|Any CPU.Build.0 = Debug|Any CPU
		{587BE825-E650-4883-8D79-9006466D0B92}.Debug|iPhone.ActiveCfg = Debug|Any CPU
		{587BE825-E650-4883-8D79-9006466D0B92}.Debug|iPhone.Build.0 = Debug|Any CPU
		{587BE825-E650-4883-8D79-9006466D0B92}.Debug|iPhoneSimulator.ActiveCfg = Debug|Any CPU
		{587BE825-E650-4883-8D79-9006466D0B92}.Debug|iPhoneSimulator.Build.0 = Debug|Any CPU
		{587BE825-E650-4883-8D79-9006466D0B92}.Release|Any CPU.ActiveCfg = Release|Any CPU
		{587BE825-E650-4883-8D79-9006466D0B92}.Release|Any CPU.Build.0 = Release|Any CPU
		{587BE825-E650-4883-8D79-9006466D0B92}.Release|iPhone.ActiveCfg = Release|Any CPU
		{587BE825-E650-4883-8D79-9006466D0B92}.Release|iPhone.Build.0 = Release|Any CPU
		{587BE825-E650-4883-8D79-9006466D0B92}.Release|iPhoneSimulator.ActiveCfg = Release|Any CPU
		{587BE825-E650-4883-8D79-9006466D0B92}.Release|iPhoneSimulator.Build.0 = Release|Any CPU
		{F8754E56-2E20-45A6-9595-06884C20F269}.Ad-Hoc|Any CPU.ActiveCfg = Release|Any CPU
		{F8754E56-2E20-45A6-9595-06884C20F269}.Ad-Hoc|Any CPU.Build.0 = Release|Any CPU
		{F8754E56-2E20-45A6-9595-06884C20F269}.Ad-Hoc|iPhone.ActiveCfg = Release|Any CPU
		{F8754E56-2E20-45A6-9595-06884C20F269}.Ad-Hoc|iPhone.Build.0 = Release|Any CPU
		{F8754E56-2E20-45A6-9595-06884C20F269}.Ad-Hoc|iPhoneSimulator.ActiveCfg = Release|Any CPU
		{F8754E56-2E20-45A6-9595-06884C20F269}.Ad-Hoc|iPhoneSimulator.Build.0 = Release|Any CPU
		{F8754E56-2E20-45A6-9595-06884C20F269}.AppStore|Any CPU.ActiveCfg = Release|Any CPU
		{F8754E56-2E20-45A6-9595-06884C20F269}.AppStore|Any CPU.Build.0 = Release|Any CPU
		{F8754E56-2E20-45A6-9595-06884C20F269}.AppStore|iPhone.ActiveCfg = Release|Any CPU
		{F8754E56-2E20-45A6-9595-06884C20F269}.AppStore|iPhone.Build.0 = Release|Any CPU
		{F8754E56-2E20-45A6-9595-06884C20F269}.AppStore|iPhoneSimulator.ActiveCfg = Release|Any CPU
		{F8754E56-2E20-45A6-9595-06884C20F269}.AppStore|iPhoneSimulator.Build.0 = Release|Any CPU
		{F8754E56-2E20-45A6-9595-06884C20F269}.Debug|Any CPU.ActiveCfg = Debug|Any CPU
		{F8754E56-2E20-45A6-9595-06884C20F269}.Debug|Any CPU.Build.0 = Debug|Any CPU
		{F8754E56-2E20-45A6-9595-06884C20F269}.Debug|iPhone.ActiveCfg = Debug|Any CPU
		{F8754E56-2E20-45A6-9595-06884C20F269}.Debug|iPhone.Build.0 = Debug|Any CPU
		{F8754E56-2E20-45A6-9595-06884C20F269}.Debug|iPhoneSimulator.ActiveCfg = Debug|Any CPU
		{F8754E56-2E20-45A6-9595-06884C20F269}.Debug|iPhoneSimulator.Build.0 = Debug|Any CPU
		{F8754E56-2E20-45A6-9595-06884C20F269}.Release|Any CPU.ActiveCfg = Release|Any CPU
		{F8754E56-2E20-45A6-9595-06884C20F269}.Release|Any CPU.Build.0 = Release|Any CPU
		{F8754E56-2E20-45A6-9595-06884C20F269}.Release|iPhone.ActiveCfg = Release|Any CPU
		{F8754E56-2E20-45A6-9595-06884C20F269}.Release|iPhone.Build.0 = Release|Any CPU
		{F8754E56-2E20-45A6-9595-06884C20F269}.Release|iPhoneSimulator.ActiveCfg = Release|Any CPU
		{F8754E56-2E20-45A6-9595-06884C20F269}.Release|iPhoneSimulator.Build.0 = Release|Any CPU
		{1D777B9C-7608-42F5-AA9B-500383C65A7F}.Ad-Hoc|Any CPU.ActiveCfg = Release|Any CPU
		{1D777B9C-7608-42F5-AA9B-500383C65A7F}.Ad-Hoc|Any CPU.Build.0 = Release|Any CPU
		{1D777B9C-7608-42F5-AA9B-500383C65A7F}.Ad-Hoc|iPhone.ActiveCfg = Release|Any CPU
		{1D777B9C-7608-42F5-AA9B-500383C65A7F}.Ad-Hoc|iPhone.Build.0 = Release|Any CPU
		{1D777B9C-7608-42F5-AA9B-500383C65A7F}.Ad-Hoc|iPhoneSimulator.ActiveCfg = Release|Any CPU
		{1D777B9C-7608-42F5-AA9B-500383C65A7F}.Ad-Hoc|iPhoneSimulator.Build.0 = Release|Any CPU
		{1D777B9C-7608-42F5-AA9B-500383C65A7F}.AppStore|Any CPU.ActiveCfg = Release|Any CPU
		{1D777B9C-7608-42F5-AA9B-500383C65A7F}.AppStore|Any CPU.Build.0 = Release|Any CPU
		{1D777B9C-7608-42F5-AA9B-500383C65A7F}.AppStore|iPhone.ActiveCfg = Release|Any CPU
		{1D777B9C-7608-42F5-AA9B-500383C65A7F}.AppStore|iPhone.Build.0 = Release|Any CPU
		{1D777B9C-7608-42F5-AA9B-500383C65A7F}.AppStore|iPhoneSimulator.ActiveCfg = Release|Any CPU
		{1D777B9C-7608-42F5-AA9B-500383C65A7F}.AppStore|iPhoneSimulator.Build.0 = Release|Any CPU
		{1D777B9C-7608-42F5-AA9B-500383C65A7F}.Debug|Any CPU.ActiveCfg = Debug|Any CPU
		{1D777B9C-7608-42F5-AA9B-500383C65A7F}.Debug|Any CPU.Build.0 = Debug|Any CPU
		{1D777B9C-7608-42F5-AA9B-500383C65A7F}.Debug|iPhone.ActiveCfg = Debug|Any CPU
		{1D777B9C-7608-42F5-AA9B-500383C65A7F}.Debug|iPhone.Build.0 = Debug|Any CPU
		{1D777B9C-7608-42F5-AA9B-500383C65A7F}.Debug|iPhoneSimulator.ActiveCfg = Debug|Any CPU
		{1D777B9C-7608-42F5-AA9B-500383C65A7F}.Debug|iPhoneSimulator.Build.0 = Debug|Any CPU
		{1D777B9C-7608-42F5-AA9B-500383C65A7F}.Release|Any CPU.ActiveCfg = Release|Any CPU
		{1D777B9C-7608-42F5-AA9B-500383C65A7F}.Release|Any CPU.Build.0 = Release|Any CPU
		{1D777B9C-7608-42F5-AA9B-500383C65A7F}.Release|iPhone.ActiveCfg = Release|Any CPU
		{1D777B9C-7608-42F5-AA9B-500383C65A7F}.Release|iPhone.Build.0 = Release|Any CPU
		{1D777B9C-7608-42F5-AA9B-500383C65A7F}.Release|iPhoneSimulator.ActiveCfg = Release|Any CPU
		{1D777B9C-7608-42F5-AA9B-500383C65A7F}.Release|iPhoneSimulator.Build.0 = Release|Any CPU
		{BBA4379A-9AB4-47E2-A14E-19EC61CDEEE2}.Ad-Hoc|Any CPU.ActiveCfg = Release|Any CPU
		{BBA4379A-9AB4-47E2-A14E-19EC61CDEEE2}.Ad-Hoc|Any CPU.Build.0 = Release|Any CPU
		{BBA4379A-9AB4-47E2-A14E-19EC61CDEEE2}.Ad-Hoc|iPhone.ActiveCfg = Release|Any CPU
		{BBA4379A-9AB4-47E2-A14E-19EC61CDEEE2}.Ad-Hoc|iPhone.Build.0 = Release|Any CPU
		{BBA4379A-9AB4-47E2-A14E-19EC61CDEEE2}.Ad-Hoc|iPhoneSimulator.ActiveCfg = Release|Any CPU
		{BBA4379A-9AB4-47E2-A14E-19EC61CDEEE2}.Ad-Hoc|iPhoneSimulator.Build.0 = Release|Any CPU
		{BBA4379A-9AB4-47E2-A14E-19EC61CDEEE2}.AppStore|Any CPU.ActiveCfg = Release|Any CPU
		{BBA4379A-9AB4-47E2-A14E-19EC61CDEEE2}.AppStore|Any CPU.Build.0 = Release|Any CPU
		{BBA4379A-9AB4-47E2-A14E-19EC61CDEEE2}.AppStore|iPhone.ActiveCfg = Release|Any CPU
		{BBA4379A-9AB4-47E2-A14E-19EC61CDEEE2}.AppStore|iPhone.Build.0 = Release|Any CPU
		{BBA4379A-9AB4-47E2-A14E-19EC61CDEEE2}.AppStore|iPhoneSimulator.ActiveCfg = Release|Any CPU
		{BBA4379A-9AB4-47E2-A14E-19EC61CDEEE2}.AppStore|iPhoneSimulator.Build.0 = Release|Any CPU
		{BBA4379A-9AB4-47E2-A14E-19EC61CDEEE2}.Debug|Any CPU.ActiveCfg = Debug|Any CPU
		{BBA4379A-9AB4-47E2-A14E-19EC61CDEEE2}.Debug|Any CPU.Build.0 = Debug|Any CPU
		{BBA4379A-9AB4-47E2-A14E-19EC61CDEEE2}.Debug|iPhone.ActiveCfg = Debug|Any CPU
		{BBA4379A-9AB4-47E2-A14E-19EC61CDEEE2}.Debug|iPhone.Build.0 = Debug|Any CPU
		{BBA4379A-9AB4-47E2-A14E-19EC61CDEEE2}.Debug|iPhoneSimulator.ActiveCfg = Debug|Any CPU
		{BBA4379A-9AB4-47E2-A14E-19EC61CDEEE2}.Debug|iPhoneSimulator.Build.0 = Debug|Any CPU
		{BBA4379A-9AB4-47E2-A14E-19EC61CDEEE2}.Release|Any CPU.ActiveCfg = Release|Any CPU
		{BBA4379A-9AB4-47E2-A14E-19EC61CDEEE2}.Release|Any CPU.Build.0 = Release|Any CPU
		{BBA4379A-9AB4-47E2-A14E-19EC61CDEEE2}.Release|iPhone.ActiveCfg = Release|Any CPU
		{BBA4379A-9AB4-47E2-A14E-19EC61CDEEE2}.Release|iPhone.Build.0 = Release|Any CPU
		{BBA4379A-9AB4-47E2-A14E-19EC61CDEEE2}.Release|iPhoneSimulator.ActiveCfg = Release|Any CPU
		{BBA4379A-9AB4-47E2-A14E-19EC61CDEEE2}.Release|iPhoneSimulator.Build.0 = Release|Any CPU
	EndGlobalSection
	GlobalSection(SolutionProperties) = preSolution
		HideSolutionNode = FALSE
	EndGlobalSection
	GlobalSection(ExtensibilityGlobals) = postSolution
		SolutionGuid = {051052B0-C3DF-49AD-A9FB-FC3734AD3855}
	EndGlobalSection
EndGlobal
